
Microsoft Visual Studio Solution File, Format Version 12.00
# Visual Studio 15
VisualStudioVersion = 15.0.27130.0
MinimumVisualStudioVersion = 10.0.40219.1
Project("{FAE04EC0-301F-11D3-BF4B-00C04F79EFBC}") = "JBG.Home.Server", "JBG.Home.Server\JBG.Home.Server.csproj", "{7E1E2451-1335-4184-8817-26ADE9FD4E18}"
EndProject
Project("{E53339B2-1760-4266-BCC7-CA923CBCF16C}") = "docker-compose", "docker-compose.dcproj", "{46D18FC9-68BE-4B5D-BEDC-EFC2A0AE220B}"
EndProject
Global
	GlobalSection(SolutionConfigurationPlatforms) = preSolution
		Debug|Any CPU = Debug|Any CPU
		Release|Any CPU = Release|Any CPU
	EndGlobalSection
	GlobalSection(ProjectConfigurationPlatforms) = postSolution
		{7E1E2451-1335-4184-8817-26ADE9FD4E18}.Debug|Any CPU.ActiveCfg = Debug|Any CPU
		{7E1E2451-1335-4184-8817-26ADE9FD4E18}.Debug|Any CPU.Build.0 = Debug|Any CPU
		{7E1E2451-1335-4184-8817-26ADE9FD4E18}.Release|Any CPU.ActiveCfg = Release|Any CPU
		{7E1E2451-1335-4184-8817-26ADE9FD4E18}.Release|Any CPU.Build.0 = Release|Any CPU
		{46D18FC9-68BE-4B5D-BEDC-EFC2A0AE220B}.Debug|Any CPU.ActiveCfg = Debug|Any CPU
		{46D18FC9-68BE-4B5D-BEDC-EFC2A0AE220B}.Debug|Any CPU.Build.0 = Debug|Any CPU
		{46D18FC9-68BE-4B5D-BEDC-EFC2A0AE220B}.Release|Any CPU.ActiveCfg = Release|Any CPU
		{46D18FC9-68BE-4B5D-BEDC-EFC2A0AE220B}.Release|Any CPU.Build.0 = Release|Any CPU
	EndGlobalSection
	GlobalSection(SolutionProperties) = preSolution
		HideSolutionNode = FALSE
	EndGlobalSection
	GlobalSection(ExtensibilityGlobals) = postSolution
		SolutionGuid = {190FDEE5-95CB-4271-936F-752538627DBB}
	EndGlobalSection
EndGlobal
